
Microsoft Visual Studio Solution File, Format Version 12.00
# Visual Studio Version 16
VisualStudioVersion = 16.0.29418.71
MinimumVisualStudioVersion = 10.0.40219.1
Project("{FAE04EC0-301F-11D3-BF4B-00C04F79EFBC}") = "Switchboard", "Switchboard\Switchboard.csproj", "{98FAC8F6-E5DB-46A4-B712-099F713344FD}"
EndProject
Project("{FAE04EC0-301F-11D3-BF4B-00C04F79EFBC}") = "Shirakami", "Shirakami\Shirakami.csproj", "{D23846DA-B3C3-40C6-997C-F117CC74FEC0}"
EndProject
Global
	GlobalSection(SolutionConfigurationPlatforms) = preSolution
		Debug|Any CPU = Debug|Any CPU
		Release|Any CPU = Release|Any CPU
	EndGlobalSection
	GlobalSection(ProjectConfigurationPlatforms) = postSolution
		{98FAC8F6-E5DB-46A4-B712-099F713344FD}.Debug|Any CPU.ActiveCfg = Debug|Any CPU
		{98FAC8F6-E5DB-46A4-B712-099F713344FD}.Debug|Any CPU.Build.0 = Debug|Any CPU
		{98FAC8F6-E5DB-46A4-B712-099F713344FD}.Release|Any CPU.ActiveCfg = Release|Any CPU
		{98FAC8F6-E5DB-46A4-B712-099F713344FD}.Release|Any CPU.Build.0 = Release|Any CPU
		{D23846DA-B3C3-40C6-997C-F117CC74FEC0}.Debug|Any CPU.ActiveCfg = Debug|Any CPU
		{D23846DA-B3C3-40C6-997C-F117CC74FEC0}.Debug|Any CPU.Build.0 = Debug|Any CPU
		{D23846DA-B3C3-40C6-997C-F117CC74FEC0}.Release|Any CPU.ActiveCfg = Release|Any CPU
		{D23846DA-B3C3-40C6-997C-F117CC74FEC0}.Release|Any CPU.Build.0 = Release|Any CPU
	EndGlobalSection
	GlobalSection(SolutionProperties) = preSolution
		HideSolutionNode = FALSE
	EndGlobalSection
	GlobalSection(ExtensibilityGlobals) = postSolution
		SolutionGuid = {B98E6CC6-0C31-4D11-B815-8839CBAA18B3}
	EndGlobalSection
EndGlobal
